
Microsoft Visual Studio Solution File, Format Version 12.00
# Visual Studio 15
VisualStudioVersion = 15.0.28010.2019
MinimumVisualStudioVersion = 10.0.40219.1
Project("{FAE04EC0-301F-11D3-BF4B-00C04F79EFBC}") = "Entidades", "Entidades\Entidades.csproj", "{2F3ED484-74C1-4CA2-95A9-8623C7E19DC8}"
EndProject
Project("{FAE04EC0-301F-11D3-BF4B-00C04F79EFBC}") = "MiCalculadora", "MiCalculadora\MiCalculadora.csproj", "{0EE392F5-8EB6-4923-AF7A-6BD3FE08016C}"
EndProject
Global
	GlobalSection(SolutionConfigurationPlatforms) = preSolution
		Debug|Any CPU = Debug|Any CPU
		Release|Any CPU = Release|Any CPU
	EndGlobalSection
	GlobalSection(ProjectConfigurationPlatforms) = postSolution
		{2F3ED484-74C1-4CA2-95A9-8623C7E19DC8}.Debug|Any CPU.ActiveCfg = Debug|Any CPU
		{2F3ED484-74C1-4CA2-95A9-8623C7E19DC8}.Debug|Any CPU.Build.0 = Debug|Any CPU
		{2F3ED484-74C1-4CA2-95A9-8623C7E19DC8}.Release|Any CPU.ActiveCfg = Release|Any CPU
		{2F3ED484-74C1-4CA2-95A9-8623C7E19DC8}.Release|Any CPU.Build.0 = Release|Any CPU
		{0EE392F5-8EB6-4923-AF7A-6BD3FE08016C}.Debug|Any CPU.ActiveCfg = Debug|Any CPU
		{0EE392F5-8EB6-4923-AF7A-6BD3FE08016C}.Debug|Any CPU.Build.0 = Debug|Any CPU
		{0EE392F5-8EB6-4923-AF7A-6BD3FE08016C}.Release|Any CPU.ActiveCfg = Release|Any CPU
		{0EE392F5-8EB6-4923-AF7A-6BD3FE08016C}.Release|Any CPU.Build.0 = Release|Any CPU
	EndGlobalSection
	GlobalSection(SolutionProperties) = preSolution
		HideSolutionNode = FALSE
	EndGlobalSection
	GlobalSection(ExtensibilityGlobals) = postSolution
		SolutionGuid = {5B3837C7-31A4-40FA-875A-71B23779389D}
	EndGlobalSection
EndGlobal
