
Microsoft Visual Studio Solution File, Format Version 12.00
# Visual Studio 15
VisualStudioVersion = 15.0.28010.2050
MinimumVisualStudioVersion = 10.0.40219.1
Project("{FAE04EC0-301F-11D3-BF4B-00C04F79EFBC}") = "MainCorreo", "MainCorreo\MainCorreo.csproj", "{0DD9E049-7FAA-4CC3-B478-97568C8A9E5D}"
EndProject
Project("{FAE04EC0-301F-11D3-BF4B-00C04F79EFBC}") = "Entidades", "Entidades\Entidades.csproj", "{84078944-A020-458C-8ADA-11B04450C1C6}"
EndProject
Project("{FAE04EC0-301F-11D3-BF4B-00C04F79EFBC}") = "TestUnitario", "TestUnitario\TestUnitario.csproj", "{BD01062F-DA08-4B8E-AACD-92D6BAF0CF9D}"
EndProject
Global
	GlobalSection(SolutionConfigurationPlatforms) = preSolution
		Debug|Any CPU = Debug|Any CPU
		Release|Any CPU = Release|Any CPU
	EndGlobalSection
	GlobalSection(ProjectConfigurationPlatforms) = postSolution
		{0DD9E049-7FAA-4CC3-B478-97568C8A9E5D}.Debug|Any CPU.ActiveCfg = Debug|Any CPU
		{0DD9E049-7FAA-4CC3-B478-97568C8A9E5D}.Debug|Any CPU.Build.0 = Debug|Any CPU
		{0DD9E049-7FAA-4CC3-B478-97568C8A9E5D}.Release|Any CPU.ActiveCfg = Release|Any CPU
		{0DD9E049-7FAA-4CC3-B478-97568C8A9E5D}.Release|Any CPU.Build.0 = Release|Any CPU
		{84078944-A020-458C-8ADA-11B04450C1C6}.Debug|Any CPU.ActiveCfg = Debug|Any CPU
		{84078944-A020-458C-8ADA-11B04450C1C6}.Debug|Any CPU.Build.0 = Debug|Any CPU
		{84078944-A020-458C-8ADA-11B04450C1C6}.Release|Any CPU.ActiveCfg = Release|Any CPU
		{84078944-A020-458C-8ADA-11B04450C1C6}.Release|Any CPU.Build.0 = Release|Any CPU
		{BD01062F-DA08-4B8E-AACD-92D6BAF0CF9D}.Debug|Any CPU.ActiveCfg = Debug|Any CPU
		{BD01062F-DA08-4B8E-AACD-92D6BAF0CF9D}.Debug|Any CPU.Build.0 = Debug|Any CPU
		{BD01062F-DA08-4B8E-AACD-92D6BAF0CF9D}.Release|Any CPU.ActiveCfg = Release|Any CPU
		{BD01062F-DA08-4B8E-AACD-92D6BAF0CF9D}.Release|Any CPU.Build.0 = Release|Any CPU
	EndGlobalSection
	GlobalSection(SolutionProperties) = preSolution
		HideSolutionNode = FALSE
	EndGlobalSection
	GlobalSection(ExtensibilityGlobals) = postSolution
		SolutionGuid = {00660C5C-053F-4045-BD80-54ACBC8C4109}
	EndGlobalSection
EndGlobal
